<?xml version="1.0" encoding="utf-8"?>
<Project ToolsVersion="4.0" xmlns="http://schemas.microsoft.com/developer/msbuild/2003">
  <ItemGroup>
    <Filter Include="no_use">
      <UniqueIdentifier>{93995380-89BD-4b04-88EB-625FBE52EBFB}</UniqueIdentifier>
      <Extensions>h;hh;hpp;hxx;hm;inl;inc;xsd</Extensions>
    </Filter>
  </ItemGroup>
  <ItemGroup>
    <ClInclude Include="stdafx.h">
      <Filter>no_use</Filter>
    </ClInclude>
    <ClInclude Include="targetver.h">
      <Filter>no_use</Filter>
    </ClInclude>
    <ClInclude Include="test_temp.hpp" />
    <ClInclude Include="test_lambda.hpp" />
    <ClInclude Include="test_thread.hpp" />
    <ClInclude Include="test_move.hpp" />
  </ItemGroup>
  <ItemGroup>
    <ClCompile Include="c11_test.cpp" />
    <ClCompile Include="stdafx.cpp">
      <Filter>no_use</Filter>
    </ClCompile>
  </ItemGroup>
</Project>